{
  "name": "GraphMakerTS",
  "version": "1.0.0",
  "lockfileVersion": 1,
  "dependencies": {
    "react-absolute-grid": {
      "version": "3.0.0",
      "resolved": "https://registry.npmjs.org/react-absolute-grid/-/react-absolute-grid-3.0.0.tgz",
      "integrity": "sha1-DQNwECBZhR8mboPdl5AjZjqG7pk="
    }
  }
}
